
Microsoft Visual Studio Solution File, Format Version 12.00
# Visual Studio Version 17
VisualStudioVersion = 17.10.35013.160
MinimumVisualStudioVersion = 10.0.40219.1
Project("{FAE04EC0-301F-11D3-BF4B-00C04F79EFBC}") = "Echo-Replay-Search-Tool", "Echo-Relay-Search-Tool\Echo-Replay-Search-Tool.csproj", "{5A7DA9D6-57A8-487E-87DE-C86215E33B5D}"
EndProject
Global
	GlobalSection(SolutionConfigurationPlatforms) = preSolution
		Debug|Any CPU = Debug|Any CPU
		Release|Any CPU = Release|Any CPU
	EndGlobalSection
	GlobalSection(ProjectConfigurationPlatforms) = postSolution
		{5A7DA9D6-57A8-487E-87DE-C86215E33B5D}.Debug|Any CPU.ActiveCfg = Debug|Any CPU
		{5A7DA9D6-57A8-487E-87DE-C86215E33B5D}.Debug|Any CPU.Build.0 = Debug|Any CPU
		{5A7DA9D6-57A8-487E-87DE-C86215E33B5D}.Release|Any CPU.ActiveCfg = Release|Any CPU
		{5A7DA9D6-57A8-487E-87DE-C86215E33B5D}.Release|Any CPU.Build.0 = Release|Any CPU
	EndGlobalSection
	GlobalSection(SolutionProperties) = preSolution
		HideSolutionNode = FALSE
	EndGlobalSection
	GlobalSection(ExtensibilityGlobals) = postSolution
		SolutionGuid = {52B953FA-FE6F-42E1-9752-A8471C0DD46F}
	EndGlobalSection
EndGlobal
